// !$*UTF8*$!
{
	archiveVersion = 1;
	classes = {
	};
	objectVersion = 50;
	objects = {

/* Begin PBXBuildFile section */
		AF53A71C21F80D2100E5C74B /* AppDelegate.swift in Sources */ = {isa = PBXBuildFile; fileRef = AF53A71B21F80D2100E5C74B /* AppDelegate.swift */; };
		AF53A71E21F80D2100E5C74B /* ViewController.swift in Sources */ = {isa = PBXBuildFile; fileRef = AF53A71D21F80D2100E5C74B /* ViewController.swift */; };
		AF53A72121F80D2100E5C74B /* Main.storyboard in Resources */ = {isa = PBXBuildFile; fileRef = AF53A71F21F80D2100E5C74B /* Main.storyboard */; };
		AF53A72321F80D2400E5C74B /* Assets.xcassets in Resources */ = {isa = PBXBuildFile; fileRef = AF53A72221F80D2400E5C74B /* Assets.xcassets */; };
		AF53A72621F80D2400E5C74B /* LaunchScreen.storyboard in Resources */ = {isa = PBXBuildFile; fileRef = AF53A72421F80D2400E5C74B /* LaunchScreen.storyboard */; };
		AF53A72E21F8112A00E5C74B /* Presenter.swift in Sources */ = {isa = PBXBuildFile; fileRef = AF53A72D21F8112A00E5C74B /* Presenter.swift */; };
		AF79D13F21F93CBB0046787E /* Button.swift in Sources */ = {isa = PBXBuildFile; fileRef = AF79D13E21F93CBB0046787E /* Button.swift */; };
		AF79D14121F93CFB0046787E /* ButtonTypeEnum.swift in Sources */ = {isa = PBXBuildFile; fileRef = AF79D14021F93CFB0046787E /* ButtonTypeEnum.swift */; };
		AF79D14321F93FAE0046787E /* ButtonService.swift in Sources */ = {isa = PBXBuildFile; fileRef = AF79D14221F93FAE0046787E /* ButtonService.swift */; };
		AF79D14921FA6D980046787E /* ButtonCellProtocol.swift in Sources */ = {isa = PBXBuildFile; fileRef = AF79D14821FA6D980046787E /* ButtonCellProtocol.swift */; };
		AF79D14B21FA78740046787E /* ButtonCell.swift in Sources */ = {isa = PBXBuildFile; fileRef = AF79D14A21FA78740046787E /* ButtonCell.swift */; };
/* End PBXBuildFile section */

/* Begin PBXFileReference section */
		AF53A71821F80D2100E5C74B /* ButtonTypeByServer.app */ = {isa = PBXFileReference; explicitFileType = wrapper.application; includeInIndex = 0; path = ButtonTypeByServer.app; sourceTree = BUILT_PRODUCTS_DIR; };
		AF53A71B21F80D2100E5C74B /* AppDelegate.swift */ = {isa = PBXFileReference; lastKnownFileType = sourcecode.swift; path = AppDelegate.swift; sourceTree = "<group>"; };
		AF53A71D21F80D2100E5C74B /* ViewController.swift */ = {isa = PBXFileReference; lastKnownFileType = sourcecode.swift; path = ViewController.swift; sourceTree = "<group>"; };
		AF53A72021F80D2100E5C74B /* Base */ = {isa = PBXFileReference; lastKnownFileType = file.storyboard; name = Base; path = Base.lproj/Main.storyboard; sourceTree = "<group>"; };
		AF53A72221F80D2400E5C74B /* Assets.xcassets */ = {isa = PBXFileReference; lastKnownFileType = folder.assetcatalog; path = Assets.xcassets; sourceTree = "<group>"; };
		AF53A72521F80D2400E5C74B /* Base */ = {isa = PBXFileReference; lastKnownFileType = file.storyboard; name = Base; path = Base.lproj/LaunchScreen.storyboard; sourceTree = "<group>"; };
		AF53A72721F80D2400E5C74B /* Info.plist */ = {isa = PBXFileReference; lastKnownFileType = text.plist.xml; path = Info.plist; sourceTree = "<group>"; };
		AF53A72D21F8112A00E5C74B /* Presenter.swift */ = {isa = PBXFileReference; lastKnownFileType = sourcecode.swift; path = Presenter.swift; sourceTree = "<group>"; };
		AF79D13E21F93CBB0046787E /* Button.swift */ = {isa = PBXFileReference; lastKnownFileType = sourcecode.swift; path = Button.swift; sourceTree = "<group>"; };
		AF79D14021F93CFB0046787E /* ButtonTypeEnum.swift */ = {isa = PBXFileReference; lastKnownFileType = sourcecode.swift; path = ButtonTypeEnum.swift; sourceTree = "<group>"; };
		AF79D14221F93FAE0046787E /* ButtonService.swift */ = {isa = PBXFileReference; lastKnownFileType = sourcecode.swift; path = ButtonService.swift; sourceTree = "<group>"; };
		AF79D14821FA6D980046787E /* ButtonCellProtocol.swift */ = {isa = PBXFileReference; lastKnownFileType = sourcecode.swift; path = ButtonCellProtocol.swift; sourceTree = "<group>"; };
		AF79D14A21FA78740046787E /* ButtonCell.swift */ = {isa = PBXFileReference; lastKnownFileType = sourcecode.swift; path = ButtonCell.swift; sourceTree = "<group>"; };
/* End PBXFileReference section */

/* Begin PBXFrameworksBuildPhase section */
		AF53A71521F80D2100E5C74B /* Frameworks */ = {
			isa = PBXFrameworksBuildPhase;
			buildActionMask = 2147483647;
			files = (
			);
			runOnlyForDeploymentPostprocessing = 0;
		};
/* End PBXFrameworksBuildPhase section */

/* Begin PBXGroup section */
		AF53A70F21F80D2100E5C74B = {
			isa = PBXGroup;
			children = (
				AF53A71A21F80D2100E5C74B /* ButtonTypeByServer */,
				AF53A71921F80D2100E5C74B /* Products */,
			);
			sourceTree = "<group>";
		};
		AF53A71921F80D2100E5C74B /* Products */ = {
			isa = PBXGroup;
			children = (
				AF53A71821F80D2100E5C74B /* ButtonTypeByServer.app */,
			);
			name = Products;
			sourceTree = "<group>";
		};
		AF53A71A21F80D2100E5C74B /* ButtonTypeByServer */ = {
			isa = PBXGroup;
			children = (
				AF79D14421F93FB50046787E /* Service */,
				AF79D13D21F93CAE0046787E /* Model */,
				AF79D13C21F93CA80046787E /* Presenter */,
				AF79D13B21F93C9E0046787E /* View */,
				AF53A71B21F80D2100E5C74B /* AppDelegate.swift */,
				AF53A72221F80D2400E5C74B /* Assets.xcassets */,
				AF53A72421F80D2400E5C74B /* LaunchScreen.storyboard */,
				AF53A72721F80D2400E5C74B /* Info.plist */,
			);
			path = ButtonTypeByServer;
			sourceTree = "<group>";
		};
		AF79D13B21F93C9E0046787E /* View */ = {
			isa = PBXGroup;
			children = (
				AF79D14521FA6D5C0046787E /* Cells */,
				AF53A71D21F80D2100E5C74B /* ViewController.swift */,
				AF53A71F21F80D2100E5C74B /* Main.storyboard */,
			);
			path = View;
			sourceTree = "<group>";
		};
		AF79D13C21F93CA80046787E /* Presenter */ = {
			isa = PBXGroup;
			children = (
				AF53A72D21F8112A00E5C74B /* Presenter.swift */,
			);
			path = Presenter;
			sourceTree = "<group>";
		};
		AF79D13D21F93CAE0046787E /* Model */ = {
			isa = PBXGroup;
			children = (
				AF79D13E21F93CBB0046787E /* Button.swift */,
				AF79D14021F93CFB0046787E /* ButtonTypeEnum.swift */,
			);
			path = Model;
			sourceTree = "<group>";
		};
		AF79D14421F93FB50046787E /* Service */ = {
			isa = PBXGroup;
			children = (
				AF79D14221F93FAE0046787E /* ButtonService.swift */,
			);
			path = Service;
			sourceTree = "<group>";
		};
		AF79D14521FA6D5C0046787E /* Cells */ = {
			isa = PBXGroup;
			children = (
				AF79D14821FA6D980046787E /* ButtonCellProtocol.swift */,
				AF79D14A21FA78740046787E /* ButtonCell.swift */,
			);
			path = Cells;
			sourceTree = "<group>";
		};
/* End PBXGroup section */

/* Begin PBXNativeTarget section */
		AF53A71721F80D2100E5C74B /* ButtonTypeByServer */ = {
			isa = PBXNativeTarget;
			buildConfigurationList = AF53A72A21F80D2400E5C74B /* Build configuration list for PBXNativeTarget "ButtonTypeByServer" */;
			buildPhases = (
				AF53A71421F80D2100E5C74B /* Sources */,
				AF53A71521F80D2100E5C74B /* Frameworks */,
				AF53A71621F80D2100E5C74B /* Resources */,
			);
			buildRules = (
			);
			dependencies = (
			);
			name = ButtonTypeByServer;
			productName = ButtonTypeByServer;
			productReference = AF53A71821F80D2100E5C74B /* ButtonTypeByServer.app */;
			productType = "com.apple.product-type.application";
		};
/* End PBXNativeTarget section */

/* Begin PBXProject section */
		AF53A71021F80D2100E5C74B /* Project object */ = {
			isa = PBXProject;
			attributes = {
				LastSwiftUpdateCheck = 1010;
				LastUpgradeCheck = 1010;
				ORGANIZATIONNAME = Diego;
				TargetAttributes = {
					AF53A71721F80D2100E5C74B = {
						CreatedOnToolsVersion = 10.1;
					};
				};
			};
			buildConfigurationList = AF53A71321F80D2100E5C74B /* Build configuration list for PBXProject "ButtonTypeByServer" */;
			compatibilityVersion = "Xcode 9.3";
			developmentRegion = en;
			hasScannedForEncodings = 0;
			knownRegions = (
				en,
				Base,
			);
			mainGroup = AF53A70F21F80D2100E5C74B;
			productRefGroup = AF53A71921F80D2100E5C74B /* Products */;
			projectDirPath = "";
			projectRoot = "";
			targets = (
				AF53A71721F80D2100E5C74B /* ButtonTypeByServer */,
			);
		};
/* End PBXProject section */

/* Begin PBXResourcesBuildPhase section */
		AF53A71621F80D2100E5C74B /* Resources */ = {
			isa = PBXResourcesBuildPhase;
			buildActionMask = 2147483647;
			files = (
				AF53A72621F80D2400E5C74B /* LaunchScreen.storyboard in Resources */,
				AF53A72321F80D2400E5C74B /* Assets.xcassets in Resources */,
				AF53A72121F80D2100E5C74B /* Main.storyboard in Resources */,
			);
			runOnlyForDeploymentPostprocessing = 0;
		};
/* End PBXResourcesBuildPhase section */

/* Begin PBXSourcesBuildPhase section */
		AF53A71421F80D2100E5C74B /* Sources */ = {
			isa = PBXSourcesBuildPhase;
			buildActionMask = 2147483647;
			files = (
				AF53A72E21F8112A00E5C74B /* Presenter.swift in Sources */,
				AF53A71E21F80D2100E5C74B /* ViewController.swift in Sources */,
				AF53A71C21F80D2100E5C74B /* AppDelegate.swift in Sources */,
				AF79D14321F93FAE0046787E /* ButtonService.swift in Sources */,
				AF79D14921FA6D980046787E /* ButtonCellProtocol.swift in Sources */,
				AF79D14121F93CFB0046787E /* ButtonTypeEnum.swift in Sources */,
				AF79D14B21FA78740046787E /* ButtonCell.swift in Sources */,
				AF79D13F21F93CBB0046787E /* Button.swift in Sources */,
			);
			runOnlyForDeploymentPostprocessing = 0;
		};
/* End PBXSourcesBuildPhase section */

/* Begin PBXVariantGroup section */
		AF53A71F21F80D2100E5C74B /* Main.storyboard */ = {
			isa = PBXVariantGroup;
			children = (
				AF53A72021F80D2100E5C74B /* Base */,
			);
			name = Main.storyboard;
			sourceTree = "<group>";
		};
		AF53A72421F80D2400E5C74B /* LaunchScreen.storyboard */ = {
			isa = PBXVariantGroup;
			children = (
				AF53A72521F80D2400E5C74B /* Base */,
			);
			name = LaunchScreen.storyboard;
			sourceTree = "<group>";
		};
/* End PBXVariantGroup section */

/* Begin XCBuildConfiguration section */
		AF53A72821F80D2400E5C74B /* Debug */ = {
			isa = XCBuildConfiguration;
			buildSettings = {
				ALWAYS_SEARCH_USER_PATHS = NO;
				CLANG_ANALYZER_NONNULL = YES;
				CLANG_ANALYZER_NUMBER_OBJECT_CONVERSION = YES_AGGRESSIVE;
				CLANG_CXX_LANGUAGE_STANDARD = "gnu++14";
				CLANG_CXX_LIBRARY = "libc++";
				CLANG_ENABLE_MODULES = YES;
				CLANG_ENABLE_OBJC_ARC = YES;
				CLANG_ENABLE_OBJC_WEAK = YES;
				CLANG_WARN_BLOCK_CAPTURE_AUTORELEASING = YES;
				CLANG_WARN_BOOL_CONVERSION = YES;
				CLANG_WARN_COMMA = YES;
				CLANG_WARN_CONSTANT_CONVERSION = YES;
				CLANG_WARN_DEPRECATED_OBJC_IMPLEMENTATIONS = YES;
				CLANG_WARN_DIRECT_OBJC_ISA_USAGE = YES_ERROR;
				CLANG_WARN_DOCUMENTATION_COMMENTS = YES;
				CLANG_WARN_EMPTY_BODY = YES;
				CLANG_WARN_ENUM_CONVERSION = YES;
				CLANG_WARN_INFINITE_RECURSION = YES;
				CLANG_WARN_INT_CONVERSION = YES;
				CLANG_WARN_NON_LITERAL_NULL_CONVERSION = YES;
				CLANG_WARN_OBJC_IMPLICIT_RETAIN_SELF = YES;
				CLANG_WARN_OBJC_LITERAL_CONVERSION = YES;
				CLANG_WARN_OBJC_ROOT_CLASS = YES_ERROR;
				CLANG_WARN_RANGE_LOOP_ANALYSIS = YES;
				CLANG_WARN_STRICT_PROTOTYPES = YES;
				CLANG_WARN_SUSPICIOUS_MOVE = YES;
				CLANG_WARN_UNGUARDED_AVAILABILITY = YES_AGGRESSIVE;
				CLANG_WARN_UNREACHABLE_CODE = YES;
				CLANG_WARN__DUPLICATE_METHOD_MATCH = YES;
				CODE_SIGN_IDENTITY = "iPhone Developer";
				COPY_PHASE_STRIP = NO;
				DEBUG_INFORMATION_FORMAT = dwarf;
				ENABLE_STRICT_OBJC_MSGSEND = YES;
				ENABLE_TESTABILITY = YES;
				GCC_C_LANGUAGE_STANDARD = gnu11;
				GCC_DYNAMIC_NO_PIC = NO;
				GCC_NO_COMMON_BLOCKS = YES;
				GCC_OPTIMIZATION_LEVEL = 0;
				GCC_PREPROCESSOR_DEFINITIONS = (
					"DEBUG=1",
					"$(inherited)",
				);
				GCC_WARN_64_TO_32_BIT_CONVERSION = YES;
				GCC_WARN_ABOUT_RETURN_TYPE = YES_ERROR;
				GCC_WARN_UNDECLARED_SELECTOR = YES;
				GCC_WARN_UNINITIALIZED_AUTOS = YES_AGGRESSIVE;
				GCC_WARN_UNUSED_FUNCTION = YES;
				GCC_WARN_UNUSED_VARIABLE = YES;
				IPHONEOS_DEPLOYMENT_TARGET = 12.1;
				MTL_ENABLE_DEBUG_INFO = INCLUDE_SOURCE;
				MTL_FAST_MATH = YES;
				ONLY_ACTIVE_ARCH = YES;
				SDKROOT = iphoneos;
				SWIFT_ACTIVE_COMPILATION_CONDITIONS = DEBUG;
				SWIFT_OPTIMIZATION_LEVEL = "-Onone";
			};
			name = Debug;
		};
		AF53A72921F80D2400E5C74B /* Release */ = {
			isa = XCBuildConfiguration;
			buildSettings = {
				ALWAYS_SEARCH_USER_PATHS = NO;
				CLANG_ANALYZER_NONNULL = YES;
				CLANG_ANALYZER_NUMBER_OBJECT_CONVERSION = YES_AGGRESSIVE;
				CLANG_CXX_LANGUAGE_STANDARD = "gnu++14";
				CLANG_CXX_LIBRARY = "libc++";
				CLANG_ENABLE_MODULES = YES;
				CLANG_ENABLE_OBJC_ARC = YES;
				CLANG_ENABLE_OBJC_WEAK = YES;
				CLANG_WARN_BLOCK_CAPTURE_AUTORELEASING = YES;
				CLANG_WARN_BOOL_CONVERSION = YES;
				CLANG_WARN_COMMA = YES;
				CLANG_WARN_CONSTANT_CONVERSION = YES;
				CLANG_WARN_DEPRECATED_OBJC_IMPLEMENTATIONS = YES;
				CLANG_WARN_DIRECT_OBJC_ISA_USAGE = YES_ERROR;
				CLANG_WARN_DOCUMENTATION_COMMENTS = YES;
				CLANG_WARN_EMPTY_BODY = YES;
				CLANG_WARN_ENUM_CONVERSION = YES;
				CLANG_WARN_INFINITE_RECURSION = YES;
				CLANG_WARN_INT_CONVERSION = YES;
				CLANG_WARN_NON_LITERAL_NULL_CONVERSION = YES;
				CLANG_WARN_OBJC_IMPLICIT_RETAIN_SELF = YES;
				CLANG_WARN_OBJC_LITERAL_CONVERSION = YES;
				CLANG_WARN_OBJC_ROOT_CLASS = YES_ERROR;
				CLANG_WARN_RANGE_LOOP_ANALYSIS = YES;
				CLANG_WARN_STRICT_PROTOTYPES = YES;
				CLANG_WARN_SUSPICIOUS_MOVE = YES;
				CLANG_WARN_UNGUARDED_AVAILABILITY = YES_AGGRESSIVE;
				CLANG_WARN_UNREACHABLE_CODE = YES;
				CLANG_WARN__DUPLICATE_METHOD_MATCH = YES;
				CODE_SIGN_IDENTITY = "iPhone Developer";
				COPY_PHASE_STRIP = NO;
				DEBUG_INFORMATION_FORMAT = "dwarf-with-dsym";
				ENABLE_NS_ASSERTIONS = NO;
				ENABLE_STRICT_OBJC_MSGSEND = YES;
				GCC_C_LANGUAGE_STANDARD = gnu11;
				GCC_NO_COMMON_BLOCKS = YES;
				GCC_WARN_64_TO_32_BIT_CONVERSION = YES;
				GCC_WARN_ABOUT_RETURN_TYPE = YES_ERROR;
				GCC_WARN_UNDECLARED_SELECTOR = YES;
				GCC_WARN_UNINITIALIZED_AUTOS = YES_AGGRESSIVE;
				GCC_WARN_UNUSED_FUNCTION = YES;
				GCC_WARN_UNUSED_VARIABLE = YES;
				IPHONEOS_DEPLOYMENT_TARGET = 12.1;
				MTL_ENABLE_DEBUG_INFO = NO;
				MTL_FAST_MATH = YES;
				SDKROOT = iphoneos;
				SWIFT_COMPILATION_MODE = wholemodule;
				SWIFT_OPTIMIZATION_LEVEL = "-O";
				VALIDATE_PRODUCT = YES;
			};
			name = Release;
		};
		AF53A72B21F80D2400E5C74B /* Debug */ = {
			isa = XCBuildConfiguration;
			buildSettings = {
				ASSETCATALOG_COMPILER_APPICON_NAME = AppIcon;
				CODE_SIGN_STYLE = Automatic;
				DEVELOPMENT_TEAM = HBGDXL9LHD;
				INFOPLIST_FILE = ButtonTypeByServer/Info.plist;
				LD_RUNPATH_SEARCH_PATHS = (
					"$(inherited)",
					"@executable_path/Frameworks",
				);
				PRODUCT_BUNDLE_IDENTIFIER = com.diegodossantos.ButtonTypeByServer;
				PRODUCT_NAME = "$(TARGET_NAME)";
				SWIFT_VERSION = 4.2;
				TARGETED_DEVICE_FAMILY = "1,2";
			};
			name = Debug;
		};
		AF53A72C21F80D2400E5C74B /* Release */ = {
			isa = XCBuildConfiguration;
			buildSettings = {
				ASSETCATALOG_COMPILER_APPICON_NAME = AppIcon;
				CODE_SIGN_STYLE = Automatic;
				DEVELOPMENT_TEAM = HBGDXL9LHD;
				INFOPLIST_FILE = ButtonTypeByServer/Info.plist;
				LD_RUNPATH_SEARCH_PATHS = (
					"$(inherited)",
					"@executable_path/Frameworks",
				);
				PRODUCT_BUNDLE_IDENTIFIER = com.diegodossantos.ButtonTypeByServer;
				PRODUCT_NAME = "$(TARGET_NAME)";
				SWIFT_VERSION = 4.2;
				TARGETED_DEVICE_FAMILY = "1,2";
			};
			name = Release;
		};
/* End XCBuildConfiguration section */

/* Begin XCConfigurationList section */
		AF53A71321F80D2100E5C74B /* Build configuration list for PBXProject "ButtonTypeByServer" */ = {
			isa = XCConfigurationList;
			buildConfigurations = (
				AF53A72821F80D2400E5C74B /* Debug */,
				AF53A72921F80D2400E5C74B /* Release */,
			);
			defaultConfigurationIsVisible = 0;
			defaultConfigurationName = Release;
		};
		AF53A72A21F80D2400E5C74B /* Build configuration list for PBXNativeTarget "ButtonTypeByServer" */ = {
			isa = XCConfigurationList;
			buildConfigurations = (
				AF53A72B21F80D2400E5C74B /* Debug */,
				AF53A72C21F80D2400E5C74B /* Release */,
			);
			defaultConfigurationIsVisible = 0;
			defaultConfigurationName = Release;
		};
/* End XCConfigurationList section */
	};
	rootObject = AF53A71021F80D2100E5C74B /* Project object */;
}
